{
  "originHash" : "b1e52c37e6a29d93ddd2f1e52cb18fa5be831b89157beb707334e6516bfe5b02",
  "pins" : [
    {
      "identity" : "grdb-sqlcipher",
      "kind" : "remoteSourceControl",
      "location" : "https://github.com/SahebRoy92/GRDB-SQLCipher.git",
      "state" : {
        "revision" : "36e30a6f1ef10e4194f6af0cff90888526f0c115",
        "version" : "7.10.0"
      }
    },
    {
      "identity" : "sentry-cocoa",
      "kind" : "remoteSourceControl",
      "location" : "https://github.com/getsentry/sentry-cocoa",
      "state" : {
        "revision" : "cf44aa8cb4147f39e698c1f28be0b6b2c89f79d2",
        "version" : "8.58.2"
      }
    }
  ],
  "version" : 3
}
